// !$*UTF8*$!
{
	archiveVersion = 1;
	classes = {
	};
	objectVersion = 56;
	objects = {

/* Begin PBXBuildFile section */
		1B36DE762D9587600053EFBF /* UIBlockingProgressHUD.swift in Sources */ = {isa = PBXBuildFile; fileRef = 1B36DE752D9587600053EFBF /* UIBlockingProgressHUD.swift */; };
		1B36DE782D9ABE4C0053EFBF /* ProfileService.swift in Sources */ = {isa = PBXBuildFile; fileRef = 1B36DE772D9ABE4C0053EFBF /* ProfileService.swift */; };
		1B42184C2D9E8F0F00B09CE1 /* ProfileImageService.swift in Sources */ = {isa = PBXBuildFile; fileRef = 1B42184B2D9E8F0F00B09CE1 /* ProfileImageService.swift */; };
		1B42184F2D9E92F300B09CE1 /* ProfileModels.swift in Sources */ = {isa = PBXBuildFile; fileRef = 1B42184E2D9E92F300B09CE1 /* ProfileModels.swift */; };
		1B492FD32D42880700B97F8B /* AppDelegate.swift in Sources */ = {isa = PBXBuildFile; fileRef = 1B492FD22D42880700B97F8B /* AppDelegate.swift */; };
		1B492FD52D42880700B97F8B /* SceneDelegate.swift in Sources */ = {isa = PBXBuildFile; fileRef = 1B492FD42D42880700B97F8B /* SceneDelegate.swift */; };
		1B492FD72D42880700B97F8B /* ImagesListViewController.swift in Sources */ = {isa = PBXBuildFile; fileRef = 1B492FD62D42880700B97F8B /* ImagesListViewController.swift */; };
		1B492FDA2D42880700B97F8B /* Base in Resources */ = {isa = PBXBuildFile; fileRef = 1B492FD92D42880700B97F8B /* Base */; };
		1B492FDC2D42880900B97F8B /* Assets.xcassets in Resources */ = {isa = PBXBuildFile; fileRef = 1B492FDB2D42880900B97F8B /* Assets.xcassets */; };
		1B492FDF2D42880900B97F8B /* Base in Resources */ = {isa = PBXBuildFile; fileRef = 1B492FDE2D42880900B97F8B /* Base */; };
		1B492FEA2D42880900B97F8B /* ImageFeedTests.swift in Sources */ = {isa = PBXBuildFile; fileRef = 1B492FE92D42880900B97F8B /* ImageFeedTests.swift */; };
		1B492FF42D42880900B97F8B /* ImageFeedUITests.swift in Sources */ = {isa = PBXBuildFile; fileRef = 1B492FF32D42880900B97F8B /* ImageFeedUITests.swift */; };
		1B492FF62D42880900B97F8B /* ImageFeedUITestsLaunchTests.swift in Sources */ = {isa = PBXBuildFile; fileRef = 1B492FF52D42880900B97F8B /* ImageFeedUITestsLaunchTests.swift */; };
		1B7860932D7F2E8900008FFD /* Constants.swift in Sources */ = {isa = PBXBuildFile; fileRef = 1B7860922D7F2E8900008FFD /* Constants.swift */; };
		1B7860952D7F5DE200008FFD /* AuthViewController.swift in Sources */ = {isa = PBXBuildFile; fileRef = 1B7860942D7F5DE200008FFD /* AuthViewController.swift */; };
		1B7860982D7F62CE00008FFD /* WebViewViewController.swift in Sources */ = {isa = PBXBuildFile; fileRef = 1B7860972D7F62CE00008FFD /* WebViewViewController.swift */; };
		1B78609A2D7F70F900008FFD /* WebViewViewControllerDelegate.swift in Sources */ = {isa = PBXBuildFile; fileRef = 1B7860992D7F70F900008FFD /* WebViewViewControllerDelegate.swift */; };
		1B78609C2D82D59100008FFD /* OAuth2Service.swift in Sources */ = {isa = PBXBuildFile; fileRef = 1B78609B2D82D59100008FFD /* OAuth2Service.swift */; };
		1B78609E2D82E2C800008FFD /* URLSession+data.swift in Sources */ = {isa = PBXBuildFile; fileRef = 1B78609D2D82E2C800008FFD /* URLSession+data.swift */; };
		1B7860A22D8426EC00008FFD /* OAuthTokenResponseBody.swift in Sources */ = {isa = PBXBuildFile; fileRef = 1B7860A12D8426EC00008FFD /* OAuthTokenResponseBody.swift */; };
		1B7860A52D84A3EA00008FFD /* OAuth2ServiceStorage.swift in Sources */ = {isa = PBXBuildFile; fileRef = 1B7860A42D84A3EA00008FFD /* OAuth2ServiceStorage.swift */; };
		1B7860AA2D871BBD00008FFD /* SplashScreenViewController.swift in Sources */ = {isa = PBXBuildFile; fileRef = 1B7860A92D871BBD00008FFD /* SplashScreenViewController.swift */; };
		1B83704D2D6B916B00FDFFDD /* ProfileViewController.swift in Sources */ = {isa = PBXBuildFile; fileRef = 1B83704C2D6B916B00FDFFDD /* ProfileViewController.swift */; };
		1B8370502D6F5CD300FDFFDD /* SingleImageViewController.swift in Sources */ = {isa = PBXBuildFile; fileRef = 1B83704F2D6F5CD300FDFFDD /* SingleImageViewController.swift */; };
		1BC06DB52DA97A7B00CAE0EF /* Kingfisher in Frameworks */ = {isa = PBXBuildFile; productRef = 1BC06DB42DA97A7B00CAE0EF /* Kingfisher */; };
		1BC06DB82DAADFD000CAE0EF /* SwiftKeychainWrapper in Frameworks */ = {isa = PBXBuildFile; productRef = 1BC06DB72DAADFD000CAE0EF /* SwiftKeychainWrapper */; };
		1BC06DBA2DAAE33100CAE0EF /* TabBarController.swift in Sources */ = {isa = PBXBuildFile; fileRef = 1BC06DB92DAAE33100CAE0EF /* TabBarController.swift */; };
		1BCF4BE42D94575300CEADE6 /* ProgressHUD in Frameworks */ = {isa = PBXBuildFile; productRef = 1BCF4BE32D94575300CEADE6 /* ProgressHUD */; };
		1BD6C6822D5E110A008EF6BB /* ImagesListCell.swift in Sources */ = {isa = PBXBuildFile; fileRef = 1BD6C6812D5E110A008EF6BB /* ImagesListCell.swift */; };
/* End PBXBuildFile section */

/* Begin PBXContainerItemProxy section */
		1B492FE62D42880900B97F8B /* PBXContainerItemProxy */ = {
			isa = PBXContainerItemProxy;
			containerPortal = 1B492FC72D42880700B97F8B /* Project object */;
			proxyType = 1;
			remoteGlobalIDString = 1B492FCE2D42880700B97F8B;
			remoteInfo = ImageFeed;
		};
		1B492FF02D42880900B97F8B /* PBXContainerItemProxy */ = {
			isa = PBXContainerItemProxy;
			containerPortal = 1B492FC72D42880700B97F8B /* Project object */;
			proxyType = 1;
			remoteGlobalIDString = 1B492FCE2D42880700B97F8B;
			remoteInfo = ImageFeed;
		};
/* End PBXContainerItemProxy section */

/* Begin PBXFileReference section */
		1B36DE752D9587600053EFBF /* UIBlockingProgressHUD.swift */ = {isa = PBXFileReference; lastKnownFileType = sourcecode.swift; path = UIBlockingProgressHUD.swift; sourceTree = "<group>"; };
		1B36DE772D9ABE4C0053EFBF /* ProfileService.swift */ = {isa = PBXFileReference; lastKnownFileType = sourcecode.swift; path = ProfileService.swift; sourceTree = "<group>"; };
		1B42184B2D9E8F0F00B09CE1 /* ProfileImageService.swift */ = {isa = PBXFileReference; lastKnownFileType = sourcecode.swift; path = ProfileImageService.swift; sourceTree = "<group>"; };
		1B42184E2D9E92F300B09CE1 /* ProfileModels.swift */ = {isa = PBXFileReference; lastKnownFileType = sourcecode.swift; path = ProfileModels.swift; sourceTree = "<group>"; };
		1B492FCF2D42880700B97F8B /* ImageFeed.app */ = {isa = PBXFileReference; explicitFileType = wrapper.application; includeInIndex = 0; path = ImageFeed.app; sourceTree = BUILT_PRODUCTS_DIR; };
		1B492FD22D42880700B97F8B /* AppDelegate.swift */ = {isa = PBXFileReference; lastKnownFileType = sourcecode.swift; path = AppDelegate.swift; sourceTree = "<group>"; };
		1B492FD42D42880700B97F8B /* SceneDelegate.swift */ = {isa = PBXFileReference; lastKnownFileType = sourcecode.swift; path = SceneDelegate.swift; sourceTree = "<group>"; };
		1B492FD62D42880700B97F8B /* ImagesListViewController.swift */ = {isa = PBXFileReference; lastKnownFileType = sourcecode.swift; path = ImagesListViewController.swift; sourceTree = "<group>"; };
		1B492FD92D42880700B97F8B /* Base */ = {isa = PBXFileReference; lastKnownFileType = file.storyboard; name = Base; path = Base.lproj/Main.storyboard; sourceTree = "<group>"; };
		1B492FDB2D42880900B97F8B /* Assets.xcassets */ = {isa = PBXFileReference; lastKnownFileType = folder.assetcatalog; path = Assets.xcassets; sourceTree = "<group>"; };
		1B492FDE2D42880900B97F8B /* Base */ = {isa = PBXFileReference; lastKnownFileType = file.storyboard; name = Base; path = Base.lproj/LaunchScreen.storyboard; sourceTree = "<group>"; };
		1B492FE02D42880900B97F8B /* Info.plist */ = {isa = PBXFileReference; lastKnownFileType = text.plist.xml; path = Info.plist; sourceTree = "<group>"; };
		1B492FE52D42880900B97F8B /* ImageFeedTests.xctest */ = {isa = PBXFileReference; explicitFileType = wrapper.cfbundle; includeInIndex = 0; path = ImageFeedTests.xctest; sourceTree = BUILT_PRODUCTS_DIR; };
		1B492FE92D42880900B97F8B /* ImageFeedTests.swift */ = {isa = PBXFileReference; lastKnownFileType = sourcecode.swift; path = ImageFeedTests.swift; sourceTree = "<group>"; };
		1B492FEF2D42880900B97F8B /* ImageFeedUITests.xctest */ = {isa = PBXFileReference; explicitFileType = wrapper.cfbundle; includeInIndex = 0; path = ImageFeedUITests.xctest; sourceTree = BUILT_PRODUCTS_DIR; };
		1B492FF32D42880900B97F8B /* ImageFeedUITests.swift */ = {isa = PBXFileReference; lastKnownFileType = sourcecode.swift; path = ImageFeedUITests.swift; sourceTree = "<group>"; };
		1B492FF52D42880900B97F8B /* ImageFeedUITestsLaunchTests.swift */ = {isa = PBXFileReference; lastKnownFileType = sourcecode.swift; path = ImageFeedUITestsLaunchTests.swift; sourceTree = "<group>"; };
		1B7860922D7F2E8900008FFD /* Constants.swift */ = {isa = PBXFileReference; lastKnownFileType = sourcecode.swift; path = Constants.swift; sourceTree = "<group>"; };
		1B7860942D7F5DE200008FFD /* AuthViewController.swift */ = {isa = PBXFileReference; lastKnownFileType = sourcecode.swift; path = AuthViewController.swift; sourceTree = "<group>"; };
		1B7860972D7F62CE00008FFD /* WebViewViewController.swift */ = {isa = PBXFileReference; lastKnownFileType = sourcecode.swift; path = WebViewViewController.swift; sourceTree = "<group>"; };
		1B7860992D7F70F900008FFD /* WebViewViewControllerDelegate.swift */ = {isa = PBXFileReference; lastKnownFileType = sourcecode.swift; path = WebViewViewControllerDelegate.swift; sourceTree = "<group>"; };
		1B78609B2D82D59100008FFD /* OAuth2Service.swift */ = {isa = PBXFileReference; lastKnownFileType = sourcecode.swift; path = OAuth2Service.swift; sourceTree = "<group>"; };
		1B78609D2D82E2C800008FFD /* URLSession+data.swift */ = {isa = PBXFileReference; lastKnownFileType = sourcecode.swift; path = "URLSession+data.swift"; sourceTree = "<group>"; };
		1B7860A12D8426EC00008FFD /* OAuthTokenResponseBody.swift */ = {isa = PBXFileReference; lastKnownFileType = sourcecode.swift; path = OAuthTokenResponseBody.swift; sourceTree = "<group>"; };
		1B7860A42D84A3EA00008FFD /* OAuth2ServiceStorage.swift */ = {isa = PBXFileReference; lastKnownFileType = sourcecode.swift; path = OAuth2ServiceStorage.swift; sourceTree = "<group>"; };
		1B7860A92D871BBD00008FFD /* SplashScreenViewController.swift */ = {isa = PBXFileReference; lastKnownFileType = sourcecode.swift; path = SplashScreenViewController.swift; sourceTree = "<group>"; };
		1B83704C2D6B916B00FDFFDD /* ProfileViewController.swift */ = {isa = PBXFileReference; lastKnownFileType = sourcecode.swift; path = ProfileViewController.swift; sourceTree = "<group>"; };
		1B83704F2D6F5CD300FDFFDD /* SingleImageViewController.swift */ = {isa = PBXFileReference; lastKnownFileType = sourcecode.swift; path = SingleImageViewController.swift; sourceTree = "<group>"; };
		1BC06DB92DAAE33100CAE0EF /* TabBarController.swift */ = {isa = PBXFileReference; lastKnownFileType = sourcecode.swift; path = TabBarController.swift; sourceTree = "<group>"; };
		1BD6C6812D5E110A008EF6BB /* ImagesListCell.swift */ = {isa = PBXFileReference; lastKnownFileType = sourcecode.swift; path = ImagesListCell.swift; sourceTree = "<group>"; };
/* End PBXFileReference section */

/* Begin PBXFrameworksBuildPhase section */
		1B492FCC2D42880700B97F8B /* Frameworks */ = {
			isa = PBXFrameworksBuildPhase;
			buildActionMask = 2147483647;
			files = (
				1BC06DB52DA97A7B00CAE0EF /* Kingfisher in Frameworks */,
				1BCF4BE42D94575300CEADE6 /* ProgressHUD in Frameworks */,
				1BC06DB82DAADFD000CAE0EF /* SwiftKeychainWrapper in Frameworks */,
			);
			runOnlyForDeploymentPostprocessing = 0;
		};
		1B492FE22D42880900B97F8B /* Frameworks */ = {
			isa = PBXFrameworksBuildPhase;
			buildActionMask = 2147483647;
			files = (
			);
			runOnlyForDeploymentPostprocessing = 0;
		};
		1B492FEC2D42880900B97F8B /* Frameworks */ = {
			isa = PBXFrameworksBuildPhase;
			buildActionMask = 2147483647;
			files = (
			);
			runOnlyForDeploymentPostprocessing = 0;
		};
/* End PBXFrameworksBuildPhase section */

/* Begin PBXGroup section */
		1B492FC62D42880700B97F8B = {
			isa = PBXGroup;
			children = (
				1B492FD12D42880700B97F8B /* ImageFeed */,
				1B492FE82D42880900B97F8B /* ImageFeedTests */,
				1B492FF22D42880900B97F8B /* ImageFeedUITests */,
				1B492FD02D42880700B97F8B /* Products */,
			);
			sourceTree = "<group>";
		};
		1B492FD02D42880700B97F8B /* Products */ = {
			isa = PBXGroup;
			children = (
				1B492FCF2D42880700B97F8B /* ImageFeed.app */,
				1B492FE52D42880900B97F8B /* ImageFeedTests.xctest */,
				1B492FEF2D42880900B97F8B /* ImageFeedUITests.xctest */,
			);
			name = Products;
			sourceTree = "<group>";
		};
		1B492FD12D42880700B97F8B /* ImageFeed */ = {
			isa = PBXGroup;
			children = (
				1BD6C6832D5E113E008EF6BB /* ImagesList */,
				1B8370512D6F5F8000FDFFDD /* SingleImage */,
				1BC06DBB2DAAE7A400CAE0EF /* TabBar */,
				1B7860A82D871BA600008FFD /* SplashScreen */,
				1B7860A32D84A3C600008FFD /* Services */,
				1B7860A02D8426D100008FFD /* Models */,
				1B7860962D7F5DE800008FFD /* OAuth */,
				1B83704E2D6B936200FDFFDD /* Profile */,
				1B492FD22D42880700B97F8B /* AppDelegate.swift */,
				1B492FD42D42880700B97F8B /* SceneDelegate.swift */,
				1B7860922D7F2E8900008FFD /* Constants.swift */,
				1BD6C6372D53A734008EF6BB /* Helpers */,
				1B492FD82D42880700B97F8B /* Main.storyboard */,
				1B492FDB2D42880900B97F8B /* Assets.xcassets */,
				1B492FDD2D42880900B97F8B /* LaunchScreen.storyboard */,
				1B492FE02D42880900B97F8B /* Info.plist */,
				1B36DE752D9587600053EFBF /* UIBlockingProgressHUD.swift */,
			);
			path = ImageFeed;
			sourceTree = "<group>";
		};
		1B492FE82D42880900B97F8B /* ImageFeedTests */ = {
			isa = PBXGroup;
			children = (
				1B492FE92D42880900B97F8B /* ImageFeedTests.swift */,
			);
			path = ImageFeedTests;
			sourceTree = "<group>";
		};
		1B492FF22D42880900B97F8B /* ImageFeedUITests */ = {
			isa = PBXGroup;
			children = (
				1B492FF32D42880900B97F8B /* ImageFeedUITests.swift */,
				1B492FF52D42880900B97F8B /* ImageFeedUITestsLaunchTests.swift */,
			);
			path = ImageFeedUITests;
			sourceTree = "<group>";
		};
		1B7860962D7F5DE800008FFD /* OAuth */ = {
			isa = PBXGroup;
			children = (
				1B7860942D7F5DE200008FFD /* AuthViewController.swift */,
				1B7860972D7F62CE00008FFD /* WebViewViewController.swift */,
				1B7860992D7F70F900008FFD /* WebViewViewControllerDelegate.swift */,
				1B78609D2D82E2C800008FFD /* URLSession+data.swift */,
			);
			path = OAuth;
			sourceTree = "<group>";
		};
		1B7860A02D8426D100008FFD /* Models */ = {
			isa = PBXGroup;
			children = (
				1B7860A12D8426EC00008FFD /* OAuthTokenResponseBody.swift */,
				1B42184E2D9E92F300B09CE1 /* ProfileModels.swift */,
			);
			path = Models;
			sourceTree = "<group>";
		};
		1B7860A32D84A3C600008FFD /* Services */ = {
			isa = PBXGroup;
			children = (
				1B78609B2D82D59100008FFD /* OAuth2Service.swift */,
				1B7860A42D84A3EA00008FFD /* OAuth2ServiceStorage.swift */,
				1B36DE772D9ABE4C0053EFBF /* ProfileService.swift */,
				1B42184B2D9E8F0F00B09CE1 /* ProfileImageService.swift */,
			);
			path = Services;
			sourceTree = "<group>";
		};
		1B7860A82D871BA600008FFD /* SplashScreen */ = {
			isa = PBXGroup;
			children = (
				1B7860A92D871BBD00008FFD /* SplashScreenViewController.swift */,
			);
			path = SplashScreen;
			sourceTree = "<group>";
		};
		1B83704E2D6B936200FDFFDD /* Profile */ = {
			isa = PBXGroup;
			children = (
				1B83704C2D6B916B00FDFFDD /* ProfileViewController.swift */,
			);
			path = Profile;
			sourceTree = "<group>";
		};
		1B8370512D6F5F8000FDFFDD /* SingleImage */ = {
			isa = PBXGroup;
			children = (
				1B83704F2D6F5CD300FDFFDD /* SingleImageViewController.swift */,
			);
			path = SingleImage;
			sourceTree = "<group>";
		};
		1BC06DBB2DAAE7A400CAE0EF /* TabBar */ = {
			isa = PBXGroup;
			children = (
				1BC06DB92DAAE33100CAE0EF /* TabBarController.swift */,
			);
			path = TabBar;
			sourceTree = "<group>";
		};
		1BD6C6372D53A734008EF6BB /* Helpers */ = {
			isa = PBXGroup;
			children = (
			);
			path = Helpers;
			sourceTree = "<group>";
		};
		1BD6C6832D5E113E008EF6BB /* ImagesList */ = {
			isa = PBXGroup;
			children = (
				1B492FD62D42880700B97F8B /* ImagesListViewController.swift */,
				1BD6C6812D5E110A008EF6BB /* ImagesListCell.swift */,
			);
			path = ImagesList;
			sourceTree = "<group>";
		};
/* End PBXGroup section */

/* Begin PBXNativeTarget section */
		1B492FCE2D42880700B97F8B /* ImageFeed */ = {
			isa = PBXNativeTarget;
			buildConfigurationList = 1B492FF92D42880900B97F8B /* Build configuration list for PBXNativeTarget "ImageFeed" */;
			buildPhases = (
				1B492FCB2D42880700B97F8B /* Sources */,
				1B492FCC2D42880700B97F8B /* Frameworks */,
				1B492FCD2D42880700B97F8B /* Resources */,
			);
			buildRules = (
			);
			dependencies = (
			);
			name = ImageFeed;
			packageProductDependencies = (
				1BCF4BE32D94575300CEADE6 /* ProgressHUD */,
				1BC06DB42DA97A7B00CAE0EF /* Kingfisher */,
				1BC06DB72DAADFD000CAE0EF /* SwiftKeychainWrapper */,
			);
			productName = ImageFeed;
			productReference = 1B492FCF2D42880700B97F8B /* ImageFeed.app */;
			productType = "com.apple.product-type.application";
		};
		1B492FE42D42880900B97F8B /* ImageFeedTests */ = {
			isa = PBXNativeTarget;
			buildConfigurationList = 1B492FFC2D42880900B97F8B /* Build configuration list for PBXNativeTarget "ImageFeedTests" */;
			buildPhases = (
				1B492FE12D42880900B97F8B /* Sources */,
				1B492FE22D42880900B97F8B /* Frameworks */,
				1B492FE32D42880900B97F8B /* Resources */,
			);
			buildRules = (
			);
			dependencies = (
				1B492FE72D42880900B97F8B /* PBXTargetDependency */,
			);
			name = ImageFeedTests;
			productName = ImageFeedTests;
			productReference = 1B492FE52D42880900B97F8B /* ImageFeedTests.xctest */;
			productType = "com.apple.product-type.bundle.unit-test";
		};
		1B492FEE2D42880900B97F8B /* ImageFeedUITests */ = {
			isa = PBXNativeTarget;
			buildConfigurationList = 1B492FFF2D42880900B97F8B /* Build configuration list for PBXNativeTarget "ImageFeedUITests" */;
			buildPhases = (
				1B492FEB2D42880900B97F8B /* Sources */,
				1B492FEC2D42880900B97F8B /* Frameworks */,
				1B492FED2D42880900B97F8B /* Resources */,
			);
			buildRules = (
			);
			dependencies = (
				1B492FF12D42880900B97F8B /* PBXTargetDependency */,
			);
			name = ImageFeedUITests;
			productName = ImageFeedUITests;
			productReference = 1B492FEF2D42880900B97F8B /* ImageFeedUITests.xctest */;
			productType = "com.apple.product-type.bundle.ui-testing";
		};
/* End PBXNativeTarget section */

/* Begin PBXProject section */
		1B492FC72D42880700B97F8B /* Project object */ = {
			isa = PBXProject;
			attributes = {
				BuildIndependentTargetsInParallel = 1;
				LastSwiftUpdateCheck = 1540;
				LastUpgradeCheck = 1540;
				TargetAttributes = {
					1B492FCE2D42880700B97F8B = {
						CreatedOnToolsVersion = 15.4;
					};
					1B492FE42D42880900B97F8B = {
						CreatedOnToolsVersion = 15.4;
						TestTargetID = 1B492FCE2D42880700B97F8B;
					};
					1B492FEE2D42880900B97F8B = {
						CreatedOnToolsVersion = 15.4;
						TestTargetID = 1B492FCE2D42880700B97F8B;
					};
				};
			};
			buildConfigurationList = 1B492FCA2D42880700B97F8B /* Build configuration list for PBXProject "ImageFeed" */;
			compatibilityVersion = "Xcode 14.0";
			developmentRegion = en;
			hasScannedForEncodings = 0;
			knownRegions = (
				en,
				Base,
			);
			mainGroup = 1B492FC62D42880700B97F8B;
			packageReferences = (
				1BCF4BE22D94575300CEADE6 /* XCRemoteSwiftPackageReference "ProgressHUD" */,
				1BC06DB32DA97A7B00CAE0EF /* XCRemoteSwiftPackageReference "Kingfisher" */,
				1BC06DB62DAADFD000CAE0EF /* XCRemoteSwiftPackageReference "SwiftKeychainWrapper" */,
			);
			productRefGroup = 1B492FD02D42880700B97F8B /* Products */;
			projectDirPath = "";
			projectRoot = "";
			targets = (
				1B492FCE2D42880700B97F8B /* ImageFeed */,
				1B492FE42D42880900B97F8B /* ImageFeedTests */,
				1B492FEE2D42880900B97F8B /* ImageFeedUITests */,
			);
		};
/* End PBXProject section */

/* Begin PBXResourcesBuildPhase section */
		1B492FCD2D42880700B97F8B /* Resources */ = {
			isa = PBXResourcesBuildPhase;
			buildActionMask = 2147483647;
			files = (
				1B492FDC2D42880900B97F8B /* Assets.xcassets in Resources */,
				1B492FDF2D42880900B97F8B /* Base in Resources */,
				1B492FDA2D42880700B97F8B /* Base in Resources */,
			);
			runOnlyForDeploymentPostprocessing = 0;
		};
		1B492FE32D42880900B97F8B /* Resources */ = {
			isa = PBXResourcesBuildPhase;
			buildActionMask = 2147483647;
			files = (
			);
			runOnlyForDeploymentPostprocessing = 0;
		};
		1B492FED2D42880900B97F8B /* Resources */ = {
			isa = PBXResourcesBuildPhase;
			buildActionMask = 2147483647;
			files = (
			);
			runOnlyForDeploymentPostprocessing = 0;
		};
/* End PBXResourcesBuildPhase section */

/* Begin PBXSourcesBuildPhase section */
		1B492FCB2D42880700B97F8B /* Sources */ = {
			isa = PBXSourcesBuildPhase;
			buildActionMask = 2147483647;
			files = (
				1B7860A52D84A3EA00008FFD /* OAuth2ServiceStorage.swift in Sources */,
				1B492FD72D42880700B97F8B /* ImagesListViewController.swift in Sources */,
				1B78609A2D7F70F900008FFD /* WebViewViewControllerDelegate.swift in Sources */,
				1B36DE762D9587600053EFBF /* UIBlockingProgressHUD.swift in Sources */,
				1B7860982D7F62CE00008FFD /* WebViewViewController.swift in Sources */,
				1B492FD32D42880700B97F8B /* AppDelegate.swift in Sources */,
				1B78609C2D82D59100008FFD /* OAuth2Service.swift in Sources */,
				1B36DE782D9ABE4C0053EFBF /* ProfileService.swift in Sources */,
				1B7860A22D8426EC00008FFD /* OAuthTokenResponseBody.swift in Sources */,
				1B83704D2D6B916B00FDFFDD /* ProfileViewController.swift in Sources */,
				1B7860AA2D871BBD00008FFD /* SplashScreenViewController.swift in Sources */,
				1BD6C6822D5E110A008EF6BB /* ImagesListCell.swift in Sources */,
				1B42184F2D9E92F300B09CE1 /* ProfileModels.swift in Sources */,
				1BC06DBA2DAAE33100CAE0EF /* TabBarController.swift in Sources */,
				1B7860952D7F5DE200008FFD /* AuthViewController.swift in Sources */,
				1B78609E2D82E2C800008FFD /* URLSession+data.swift in Sources */,
				1B7860932D7F2E8900008FFD /* Constants.swift in Sources */,
				1B42184C2D9E8F0F00B09CE1 /* ProfileImageService.swift in Sources */,
				1B8370502D6F5CD300FDFFDD /* SingleImageViewController.swift in Sources */,
				1B492FD52D42880700B97F8B /* SceneDelegate.swift in Sources */,
			);
			runOnlyForDeploymentPostprocessing = 0;
		};
		1B492FE12D42880900B97F8B /* Sources */ = {
			isa = PBXSourcesBuildPhase;
			buildActionMask = 2147483647;
			files = (
				1B492FEA2D42880900B97F8B /* ImageFeedTests.swift in Sources */,
			);
			runOnlyForDeploymentPostprocessing = 0;
		};
		1B492FEB2D42880900B97F8B /* Sources */ = {
			isa = PBXSourcesBuildPhase;
			buildActionMask = 2147483647;
			files = (
				1B492FF62D42880900B97F8B /* ImageFeedUITestsLaunchTests.swift in Sources */,
				1B492FF42D42880900B97F8B /* ImageFeedUITests.swift in Sources */,
			);
			runOnlyForDeploymentPostprocessing = 0;
		};
/* End PBXSourcesBuildPhase section */

/* Begin PBXTargetDependency section */
		1B492FE72D42880900B97F8B /* PBXTargetDependency */ = {
			isa = PBXTargetDependency;
			target = 1B492FCE2D42880700B97F8B /* ImageFeed */;
			targetProxy = 1B492FE62D42880900B97F8B /* PBXContainerItemProxy */;
		};
		1B492FF12D42880900B97F8B /* PBXTargetDependency */ = {
			isa = PBXTargetDependency;
			target = 1B492FCE2D42880700B97F8B /* ImageFeed */;
			targetProxy = 1B492FF02D42880900B97F8B /* PBXContainerItemProxy */;
		};
/* End PBXTargetDependency section */

/* Begin PBXVariantGroup section */
		1B492FD82D42880700B97F8B /* Main.storyboard */ = {
			isa = PBXVariantGroup;
			children = (
				1B492FD92D42880700B97F8B /* Base */,
			);
			name = Main.storyboard;
			sourceTree = "<group>";
		};
		1B492FDD2D42880900B97F8B /* LaunchScreen.storyboard */ = {
			isa = PBXVariantGroup;
			children = (
				1B492FDE2D42880900B97F8B /* Base */,
			);
			name = LaunchScreen.storyboard;
			sourceTree = "<group>";
		};
/* End PBXVariantGroup section */

/* Begin XCBuildConfiguration section */
		1B492FF72D42880900B97F8B /* Debug */ = {
			isa = XCBuildConfiguration;
			buildSettings = {
				ALWAYS_SEARCH_USER_PATHS = NO;
				ASSETCATALOG_COMPILER_GENERATE_SWIFT_ASSET_SYMBOL_EXTENSIONS = YES;
				CLANG_ANALYZER_NONNULL = YES;
				CLANG_ANALYZER_NUMBER_OBJECT_CONVERSION = YES_AGGRESSIVE;
				CLANG_CXX_LANGUAGE_STANDARD = "gnu++20";
				CLANG_ENABLE_MODULES = YES;
				CLANG_ENABLE_OBJC_ARC = YES;
				CLANG_ENABLE_OBJC_WEAK = YES;
				CLANG_WARN_BLOCK_CAPTURE_AUTORELEASING = YES;
				CLANG_WARN_BOOL_CONVERSION = YES;
				CLANG_WARN_COMMA = YES;
				CLANG_WARN_CONSTANT_CONVERSION = YES;
				CLANG_WARN_DEPRECATED_OBJC_IMPLEMENTATIONS = YES;
				CLANG_WARN_DIRECT_OBJC_ISA_USAGE = YES_ERROR;
				CLANG_WARN_DOCUMENTATION_COMMENTS = YES;
				CLANG_WARN_EMPTY_BODY = YES;
				CLANG_WARN_ENUM_CONVERSION = YES;
				CLANG_WARN_INFINITE_RECURSION = YES;
				CLANG_WARN_INT_CONVERSION = YES;
				CLANG_WARN_NON_LITERAL_NULL_CONVERSION = YES;
				CLANG_WARN_OBJC_IMPLICIT_RETAIN_SELF = YES;
				CLANG_WARN_OBJC_LITERAL_CONVERSION = YES;
				CLANG_WARN_OBJC_ROOT_CLASS = YES_ERROR;
				CLANG_WARN_QUOTED_INCLUDE_IN_FRAMEWORK_HEADER = YES;
				CLANG_WARN_RANGE_LOOP_ANALYSIS = YES;
				CLANG_WARN_STRICT_PROTOTYPES = YES;
				CLANG_WARN_SUSPICIOUS_MOVE = YES;
				CLANG_WARN_UNGUARDED_AVAILABILITY = YES_AGGRESSIVE;
				CLANG_WARN_UNREACHABLE_CODE = YES;
				CLANG_WARN__DUPLICATE_METHOD_MATCH = YES;
				COPY_PHASE_STRIP = NO;
				DEBUG_INFORMATION_FORMAT = dwarf;
				ENABLE_STRICT_OBJC_MSGSEND = YES;
				ENABLE_TESTABILITY = YES;
				ENABLE_USER_SCRIPT_SANDBOXING = YES;
				GCC_C_LANGUAGE_STANDARD = gnu17;
				GCC_DYNAMIC_NO_PIC = NO;
				GCC_NO_COMMON_BLOCKS = YES;
				GCC_OPTIMIZATION_LEVEL = 0;
				GCC_PREPROCESSOR_DEFINITIONS = (
					"DEBUG=1",
					"$(inherited)",
				);
				GCC_WARN_64_TO_32_BIT_CONVERSION = YES;
				GCC_WARN_ABOUT_RETURN_TYPE = YES_ERROR;
				GCC_WARN_UNDECLARED_SELECTOR = YES;
				GCC_WARN_UNINITIALIZED_AUTOS = YES_AGGRESSIVE;
				GCC_WARN_UNUSED_FUNCTION = YES;
				GCC_WARN_UNUSED_VARIABLE = YES;
				IPHONEOS_DEPLOYMENT_TARGET = 17.5;
				LOCALIZATION_PREFERS_STRING_CATALOGS = YES;
				MTL_ENABLE_DEBUG_INFO = INCLUDE_SOURCE;
				MTL_FAST_MATH = YES;
				ONLY_ACTIVE_ARCH = YES;
				SDKROOT = iphoneos;
				SWIFT_ACTIVE_COMPILATION_CONDITIONS = "DEBUG $(inherited)";
				SWIFT_OPTIMIZATION_LEVEL = "-Onone";
			};
			name = Debug;
		};
		1B492FF82D42880900B97F8B /* Release */ = {
			isa = XCBuildConfiguration;
			buildSettings = {
				ALWAYS_SEARCH_USER_PATHS = NO;
				ASSETCATALOG_COMPILER_GENERATE_SWIFT_ASSET_SYMBOL_EXTENSIONS = YES;
				CLANG_ANALYZER_NONNULL = YES;
				CLANG_ANALYZER_NUMBER_OBJECT_CONVERSION = YES_AGGRESSIVE;
				CLANG_CXX_LANGUAGE_STANDARD = "gnu++20";
				CLANG_ENABLE_MODULES = YES;
				CLANG_ENABLE_OBJC_ARC = YES;
				CLANG_ENABLE_OBJC_WEAK = YES;
				CLANG_WARN_BLOCK_CAPTURE_AUTORELEASING = YES;
				CLANG_WARN_BOOL_CONVERSION = YES;
				CLANG_WARN_COMMA = YES;
				CLANG_WARN_CONSTANT_CONVERSION = YES;
				CLANG_WARN_DEPRECATED_OBJC_IMPLEMENTATIONS = YES;
				CLANG_WARN_DIRECT_OBJC_ISA_USAGE = YES_ERROR;
				CLANG_WARN_DOCUMENTATION_COMMENTS = YES;
				CLANG_WARN_EMPTY_BODY = YES;
				CLANG_WARN_ENUM_CONVERSION = YES;
				CLANG_WARN_INFINITE_RECURSION = YES;
				CLANG_WARN_INT_CONVERSION = YES;
				CLANG_WARN_NON_LITERAL_NULL_CONVERSION = YES;
				CLANG_WARN_OBJC_IMPLICIT_RETAIN_SELF = YES;
				CLANG_WARN_OBJC_LITERAL_CONVERSION = YES;
				CLANG_WARN_OBJC_ROOT_CLASS = YES_ERROR;
				CLANG_WARN_QUOTED_INCLUDE_IN_FRAMEWORK_HEADER = YES;
				CLANG_WARN_RANGE_LOOP_ANALYSIS = YES;
				CLANG_WARN_STRICT_PROTOTYPES = YES;
				CLANG_WARN_SUSPICIOUS_MOVE = YES;
				CLANG_WARN_UNGUARDED_AVAILABILITY = YES_AGGRESSIVE;
				CLANG_WARN_UNREACHABLE_CODE = YES;
				CLANG_WARN__DUPLICATE_METHOD_MATCH = YES;
				COPY_PHASE_STRIP = NO;
				DEBUG_INFORMATION_FORMAT = "dwarf-with-dsym";
				ENABLE_NS_ASSERTIONS = NO;
				ENABLE_STRICT_OBJC_MSGSEND = YES;
				ENABLE_USER_SCRIPT_SANDBOXING = YES;
				GCC_C_LANGUAGE_STANDARD = gnu17;
				GCC_NO_COMMON_BLOCKS = YES;
				GCC_WARN_64_TO_32_BIT_CONVERSION = YES;
				GCC_WARN_ABOUT_RETURN_TYPE = YES_ERROR;
				GCC_WARN_UNDECLARED_SELECTOR = YES;
				GCC_WARN_UNINITIALIZED_AUTOS = YES_AGGRESSIVE;
				GCC_WARN_UNUSED_FUNCTION = YES;
				GCC_WARN_UNUSED_VARIABLE = YES;
				IPHONEOS_DEPLOYMENT_TARGET = 17.5;
				LOCALIZATION_PREFERS_STRING_CATALOGS = YES;
				MTL_ENABLE_DEBUG_INFO = NO;
				MTL_FAST_MATH = YES;
				SDKROOT = iphoneos;
				SWIFT_COMPILATION_MODE = wholemodule;
				VALIDATE_PRODUCT = YES;
			};
			name = Release;
		};
		1B492FFA2D42880900B97F8B /* Debug */ = {
			isa = XCBuildConfiguration;
			buildSettings = {
				ASSETCATALOG_COMPILER_APPICON_NAME = AppIcon;
				ASSETCATALOG_COMPILER_GLOBAL_ACCENT_COLOR_NAME = AccentColor;
				CODE_SIGN_STYLE = Automatic;
				CURRENT_PROJECT_VERSION = 1;
				DEVELOPMENT_TEAM = 39TKVVWTY8;
				GENERATE_INFOPLIST_FILE = YES;
				INFOPLIST_FILE = ImageFeed/Info.plist;
				INFOPLIST_KEY_UIApplicationSupportsIndirectInputEvents = YES;
				INFOPLIST_KEY_UILaunchStoryboardName = LaunchScreen;
				INFOPLIST_KEY_UIMainStoryboardFile = Main;
				INFOPLIST_KEY_UISupportedInterfaceOrientations = UIInterfaceOrientationPortrait;
				INFOPLIST_KEY_UISupportedInterfaceOrientations_iPad = "UIInterfaceOrientationLandscapeLeft UIInterfaceOrientationLandscapeRight UIInterfaceOrientationPortrait UIInterfaceOrientationPortraitUpsideDown";
				IPHONEOS_DEPLOYMENT_TARGET = 13.0;
				LD_RUNPATH_SEARCH_PATHS = (
					"$(inherited)",
					"@executable_path/Frameworks",
				);
				MARKETING_VERSION = 1.0;
				PRODUCT_BUNDLE_IDENTIFIER = com.skeeff.ImageFeed;
				PRODUCT_NAME = "$(TARGET_NAME)";
				SUPPORTED_PLATFORMS = "iphoneos iphonesimulator";
				SUPPORTS_MACCATALYST = NO;
				SUPPORTS_MAC_DESIGNED_FOR_IPHONE_IPAD = NO;
				SUPPORTS_XR_DESIGNED_FOR_IPHONE_IPAD = NO;
				SWIFT_EMIT_LOC_STRINGS = YES;
				SWIFT_VERSION = 5.0;
				TARGETED_DEVICE_FAMILY = 1;
			};
			name = Debug;
		};
		1B492FFB2D42880900B97F8B /* Release */ = {
			isa = XCBuildConfiguration;
			buildSettings = {
				ASSETCATALOG_COMPILER_APPICON_NAME = AppIcon;
				ASSETCATALOG_COMPILER_GLOBAL_ACCENT_COLOR_NAME = AccentColor;
				CODE_SIGN_STYLE = Automatic;
				CURRENT_PROJECT_VERSION = 1;
				DEVELOPMENT_TEAM = 39TKVVWTY8;
				GENERATE_INFOPLIST_FILE = YES;
				INFOPLIST_FILE = ImageFeed/Info.plist;
				INFOPLIST_KEY_UIApplicationSupportsIndirectInputEvents = YES;
				INFOPLIST_KEY_UILaunchStoryboardName = LaunchScreen;
				INFOPLIST_KEY_UIMainStoryboardFile = Main;
				INFOPLIST_KEY_UISupportedInterfaceOrientations = UIInterfaceOrientationPortrait;
				INFOPLIST_KEY_UISupportedInterfaceOrientations_iPad = "UIInterfaceOrientationLandscapeLeft UIInterfaceOrientationLandscapeRight UIInterfaceOrientationPortrait UIInterfaceOrientationPortraitUpsideDown";
				IPHONEOS_DEPLOYMENT_TARGET = 13.0;
				LD_RUNPATH_SEARCH_PATHS = (
					"$(inherited)",
					"@executable_path/Frameworks",
				);
				MARKETING_VERSION = 1.0;
				PRODUCT_BUNDLE_IDENTIFIER = com.skeeff.ImageFeed;
				PRODUCT_NAME = "$(TARGET_NAME)";
				SUPPORTED_PLATFORMS = "iphoneos iphonesimulator";
				SUPPORTS_MACCATALYST = NO;
				SUPPORTS_MAC_DESIGNED_FOR_IPHONE_IPAD = NO;
				SUPPORTS_XR_DESIGNED_FOR_IPHONE_IPAD = NO;
				SWIFT_EMIT_LOC_STRINGS = YES;
				SWIFT_VERSION = 5.0;
				TARGETED_DEVICE_FAMILY = 1;
			};
			name = Release;
		};
		1B492FFD2D42880900B97F8B /* Debug */ = {
			isa = XCBuildConfiguration;
			buildSettings = {
				ALWAYS_EMBED_SWIFT_STANDARD_LIBRARIES = YES;
				BUNDLE_LOADER = "$(TEST_HOST)";
				CODE_SIGN_STYLE = Automatic;
				CURRENT_PROJECT_VERSION = 1;
				DEVELOPMENT_TEAM = 39TKVVWTY8;
				GENERATE_INFOPLIST_FILE = YES;
				IPHONEOS_DEPLOYMENT_TARGET = 17.5;
				MARKETING_VERSION = 1.0;
				PRODUCT_BUNDLE_IDENTIFIER = com.skeeff.ImageFeedTests;
				PRODUCT_NAME = "$(TARGET_NAME)";
				SWIFT_EMIT_LOC_STRINGS = NO;
				SWIFT_VERSION = 5.0;
				TARGETED_DEVICE_FAMILY = "1,2";
				TEST_HOST = "$(BUILT_PRODUCTS_DIR)/ImageFeed.app/$(BUNDLE_EXECUTABLE_FOLDER_PATH)/ImageFeed";
			};
			name = Debug;
		};
		1B492FFE2D42880900B97F8B /* Release */ = {
			isa = XCBuildConfiguration;
			buildSettings = {
				ALWAYS_EMBED_SWIFT_STANDARD_LIBRARIES = YES;
				BUNDLE_LOADER = "$(TEST_HOST)";
				CODE_SIGN_STYLE = Automatic;
				CURRENT_PROJECT_VERSION = 1;
				DEVELOPMENT_TEAM = 39TKVVWTY8;
				GENERATE_INFOPLIST_FILE = YES;
				IPHONEOS_DEPLOYMENT_TARGET = 17.5;
				MARKETING_VERSION = 1.0;
				PRODUCT_BUNDLE_IDENTIFIER = com.skeeff.ImageFeedTests;
				PRODUCT_NAME = "$(TARGET_NAME)";
				SWIFT_EMIT_LOC_STRINGS = NO;
				SWIFT_VERSION = 5.0;
				TARGETED_DEVICE_FAMILY = "1,2";
				TEST_HOST = "$(BUILT_PRODUCTS_DIR)/ImageFeed.app/$(BUNDLE_EXECUTABLE_FOLDER_PATH)/ImageFeed";
			};
			name = Release;
		};
		1B4930002D42880900B97F8B /* Debug */ = {
			isa = XCBuildConfiguration;
			buildSettings = {
				ALWAYS_EMBED_SWIFT_STANDARD_LIBRARIES = YES;
				CODE_SIGN_STYLE = Automatic;
				CURRENT_PROJECT_VERSION = 1;
				DEVELOPMENT_TEAM = 39TKVVWTY8;
				GENERATE_INFOPLIST_FILE = YES;
				MARKETING_VERSION = 1.0;
				PRODUCT_BUNDLE_IDENTIFIER = com.skeeff.ImageFeedUITests;
				PRODUCT_NAME = "$(TARGET_NAME)";
				SWIFT_EMIT_LOC_STRINGS = NO;
				SWIFT_VERSION = 5.0;
				TARGETED_DEVICE_FAMILY = "1,2";
				TEST_TARGET_NAME = ImageFeed;
			};
			name = Debug;
		};
		1B4930012D42880900B97F8B /* Release */ = {
			isa = XCBuildConfiguration;
			buildSettings = {
				ALWAYS_EMBED_SWIFT_STANDARD_LIBRARIES = YES;
				CODE_SIGN_STYLE = Automatic;
				CURRENT_PROJECT_VERSION = 1;
				DEVELOPMENT_TEAM = 39TKVVWTY8;
				GENERATE_INFOPLIST_FILE = YES;
				MARKETING_VERSION = 1.0;
				PRODUCT_BUNDLE_IDENTIFIER = com.skeeff.ImageFeedUITests;
				PRODUCT_NAME = "$(TARGET_NAME)";
				SWIFT_EMIT_LOC_STRINGS = NO;
				SWIFT_VERSION = 5.0;
				TARGETED_DEVICE_FAMILY = "1,2";
				TEST_TARGET_NAME = ImageFeed;
			};
			name = Release;
		};
/* End XCBuildConfiguration section */

/* Begin XCConfigurationList section */
		1B492FCA2D42880700B97F8B /* Build configuration list for PBXProject "ImageFeed" */ = {
			isa = XCConfigurationList;
			buildConfigurations = (
				1B492FF72D42880900B97F8B /* Debug */,
				1B492FF82D42880900B97F8B /* Release */,
			);
			defaultConfigurationIsVisible = 0;
			defaultConfigurationName = Release;
		};
		1B492FF92D42880900B97F8B /* Build configuration list for PBXNativeTarget "ImageFeed" */ = {
			isa = XCConfigurationList;
			buildConfigurations = (
				1B492FFA2D42880900B97F8B /* Debug */,
				1B492FFB2D42880900B97F8B /* Release */,
			);
			defaultConfigurationIsVisible = 0;
			defaultConfigurationName = Release;
		};
		1B492FFC2D42880900B97F8B /* Build configuration list for PBXNativeTarget "ImageFeedTests" */ = {
			isa = XCConfigurationList;
			buildConfigurations = (
				1B492FFD2D42880900B97F8B /* Debug */,
				1B492FFE2D42880900B97F8B /* Release */,
			);
			defaultConfigurationIsVisible = 0;
			defaultConfigurationName = Release;
		};
		1B492FFF2D42880900B97F8B /* Build configuration list for PBXNativeTarget "ImageFeedUITests" */ = {
			isa = XCConfigurationList;
			buildConfigurations = (
				1B4930002D42880900B97F8B /* Debug */,
				1B4930012D42880900B97F8B /* Release */,
			);
			defaultConfigurationIsVisible = 0;
			defaultConfigurationName = Release;
		};
/* End XCConfigurationList section */

/* Begin XCRemoteSwiftPackageReference section */
		1BC06DB32DA97A7B00CAE0EF /* XCRemoteSwiftPackageReference "Kingfisher" */ = {
			isa = XCRemoteSwiftPackageReference;
			repositoryURL = "https://github.com/onevcat/Kingfisher";
			requirement = {
				kind = upToNextMajorVersion;
				minimumVersion = 8.3.2;
			};
		};
		1BC06DB62DAADFD000CAE0EF /* XCRemoteSwiftPackageReference "SwiftKeychainWrapper" */ = {
			isa = XCRemoteSwiftPackageReference;
			repositoryURL = "https://github.com/jrendel/SwiftKeychainWrapper";
			requirement = {
				kind = upToNextMajorVersion;
				minimumVersion = 4.0.1;
			};
		};
		1BCF4BE22D94575300CEADE6 /* XCRemoteSwiftPackageReference "ProgressHUD" */ = {
			isa = XCRemoteSwiftPackageReference;
			repositoryURL = "https://github.com/relatedcode/ProgressHUD";
			requirement = {
				kind = upToNextMajorVersion;
				minimumVersion = 14.1.3;
			};
		};
/* End XCRemoteSwiftPackageReference section */

/* Begin XCSwiftPackageProductDependency section */
		1BC06DB42DA97A7B00CAE0EF /* Kingfisher */ = {
			isa = XCSwiftPackageProductDependency;
			package = 1BC06DB32DA97A7B00CAE0EF /* XCRemoteSwiftPackageReference "Kingfisher" */;
			productName = Kingfisher;
		};
		1BC06DB72DAADFD000CAE0EF /* SwiftKeychainWrapper */ = {
			isa = XCSwiftPackageProductDependency;
			package = 1BC06DB62DAADFD000CAE0EF /* XCRemoteSwiftPackageReference "SwiftKeychainWrapper" */;
			productName = SwiftKeychainWrapper;
		};
		1BCF4BE32D94575300CEADE6 /* ProgressHUD */ = {
			isa = XCSwiftPackageProductDependency;
			package = 1BCF4BE22D94575300CEADE6 /* XCRemoteSwiftPackageReference "ProgressHUD" */;
			productName = ProgressHUD;
		};
/* End XCSwiftPackageProductDependency section */
	};
	rootObject = 1B492FC72D42880700B97F8B /* Project object */;
}
